
Microsoft Visual Studio Solution File, Format Version 12.00
# Visual Studio Version 16
VisualStudioVersion = 16.0.28407.52
MinimumVisualStudioVersion = 10.0.40219.1
Project("{2150E333-8FDC-42A3-9474-1A3956D46DE8}") = "Libraries", "Libraries", "{71555634-8686-42A0-AFE9-C440BB6931C7}"
EndProject
Project("{FAE04EC0-301F-11D3-BF4B-00C04F79EFBC}") = "HoursKeeperLibrary", "Old\Libraries\HoursKeeperLibrary\HoursKeeperLibrary.csproj", "{3DB089EB-3ABC-4DA8-BC14-AE68325541FA}"
EndProject
Project("{2150E333-8FDC-42A3-9474-1A3956D46DE8}") = "Tests", "Tests", "{66B60737-E21F-4EBF-9893-CFFE08852761}"
EndProject
Project("{9A19103F-16F7-4668-BE54-9A1E7A4F7556}") = "HoursKeeper.Database", "Old\Libraries\HoursKeeper.Database\HoursKeeper.Database.csproj", "{63AD72BF-0A91-4B58-BBA6-A980C38BD275}"
EndProject
Project("{9A19103F-16F7-4668-BE54-9A1E7A4F7556}") = "HoursKeeper.Old.Tests", "Old\Tests\HoursKeeper.Tests\HoursKeeper.Old.Tests.csproj", "{29B261A0-E64D-4BCF-A007-701023E60D53}"
EndProject
Project("{9A19103F-16F7-4668-BE54-9A1E7A4F7556}") = "HoursKeeper.Old.Common", "Old\Libraries\HoursKeeper.Common\HoursKeeper.Old.Common.csproj", "{4115B347-0C38-4451-8147-48695268E921}"
EndProject
Project("{2150E333-8FDC-42A3-9474-1A3956D46DE8}") = "Old", "Old", "{8E4370CB-B57A-49B2-8D0E-CF8B5CB00F30}"
EndProject
Project("{2150E333-8FDC-42A3-9474-1A3956D46DE8}") = "Src", "Src", "{F2828904-E10C-41FA-8023-60A308E98598}"
EndProject
Project("{2150E333-8FDC-42A3-9474-1A3956D46DE8}") = "Core", "Core", "{5FEFAB0F-85C1-40F5-999B-4DA1BD8013B6}"
EndProject
Project("{2150E333-8FDC-42A3-9474-1A3956D46DE8}") = "Common", "Common", "{8A302471-8AF1-4F7E-A414-3275F3B78608}"
EndProject
Project("{2150E333-8FDC-42A3-9474-1A3956D46DE8}") = "Infrastructure", "Infrastructure", "{5B69B747-E4A2-4A54-A20C-C980CA7D7B44}"
EndProject
Project("{2150E333-8FDC-42A3-9474-1A3956D46DE8}") = "Presentation", "Presentation", "{CF9D7F79-4918-4A18-9280-47799BD38D54}"
EndProject
Project("{2150E333-8FDC-42A3-9474-1A3956D46DE8}") = "Tests", "Tests", "{5B9009D5-7A8B-4EFC-942F-BC35F859C860}"
EndProject
Project("{FAE04EC0-301F-11D3-BF4B-00C04F79EFBC}") = "HoursKeeper.Tests", "Tests\HoursKeeper.Tests\HoursKeeper.Tests.csproj", "{63B4C72C-57C3-462D-ACC4-5D3AA4A7E136}"
EndProject
Project("{FAE04EC0-301F-11D3-BF4B-00C04F79EFBC}") = "HoursKeeper.Common", "Src\Common\HoursKeeper.Common\HoursKeeper.Common.csproj", "{B1EB8C20-8BA9-4909-AC68-F34235E1E765}"
EndProject
Project("{FAE04EC0-301F-11D3-BF4B-00C04F79EFBC}") = "HoursKeeper.Domain", "Src\Core\HoursKeeper.Domain\HoursKeeper.Domain.csproj", "{09A83F55-68AA-407C-A15E-CC6E09162396}"
EndProject
Project("{FAE04EC0-301F-11D3-BF4B-00C04F79EFBC}") = "HoursKeeper.Application", "Src\Core\HoursKeeper.Application\HoursKeeper.Application.csproj", "{B6AD1AEA-70D1-4CA7-AB89-6F2B4C6EB50B}"
EndProject
Project("{FAE04EC0-301F-11D3-BF4B-00C04F79EFBC}") = "HoursKeeper.Persistence", "Src\Infrastructure\HoursKeeper.Persistence\HoursKeeper.Persistence.csproj", "{85645E3D-6850-4082-A075-5E8A3B401187}"
EndProject
Global
	GlobalSection(SolutionConfigurationPlatforms) = preSolution
		Debug|Any CPU = Debug|Any CPU
		Release|Any CPU = Release|Any CPU
	EndGlobalSection
	GlobalSection(ProjectConfigurationPlatforms) = postSolution
		{3DB089EB-3ABC-4DA8-BC14-AE68325541FA}.Debug|Any CPU.ActiveCfg = Debug|Any CPU
		{3DB089EB-3ABC-4DA8-BC14-AE68325541FA}.Debug|Any CPU.Build.0 = Debug|Any CPU
		{3DB089EB-3ABC-4DA8-BC14-AE68325541FA}.Release|Any CPU.ActiveCfg = Release|Any CPU
		{3DB089EB-3ABC-4DA8-BC14-AE68325541FA}.Release|Any CPU.Build.0 = Release|Any CPU
		{63AD72BF-0A91-4B58-BBA6-A980C38BD275}.Debug|Any CPU.ActiveCfg = Debug|Any CPU
		{63AD72BF-0A91-4B58-BBA6-A980C38BD275}.Debug|Any CPU.Build.0 = Debug|Any CPU
		{63AD72BF-0A91-4B58-BBA6-A980C38BD275}.Release|Any CPU.ActiveCfg = Release|Any CPU
		{63AD72BF-0A91-4B58-BBA6-A980C38BD275}.Release|Any CPU.Build.0 = Release|Any CPU
		{29B261A0-E64D-4BCF-A007-701023E60D53}.Debug|Any CPU.ActiveCfg = Debug|Any CPU
		{29B261A0-E64D-4BCF-A007-701023E60D53}.Debug|Any CPU.Build.0 = Debug|Any CPU
		{29B261A0-E64D-4BCF-A007-701023E60D53}.Release|Any CPU.ActiveCfg = Release|Any CPU
		{29B261A0-E64D-4BCF-A007-701023E60D53}.Release|Any CPU.Build.0 = Release|Any CPU
		{4115B347-0C38-4451-8147-48695268E921}.Debug|Any CPU.ActiveCfg = Debug|Any CPU
		{4115B347-0C38-4451-8147-48695268E921}.Debug|Any CPU.Build.0 = Debug|Any CPU
		{4115B347-0C38-4451-8147-48695268E921}.Release|Any CPU.ActiveCfg = Release|Any CPU
		{4115B347-0C38-4451-8147-48695268E921}.Release|Any CPU.Build.0 = Release|Any CPU
		{63B4C72C-57C3-462D-ACC4-5D3AA4A7E136}.Debug|Any CPU.ActiveCfg = Debug|Any CPU
		{63B4C72C-57C3-462D-ACC4-5D3AA4A7E136}.Debug|Any CPU.Build.0 = Debug|Any CPU
		{63B4C72C-57C3-462D-ACC4-5D3AA4A7E136}.Release|Any CPU.ActiveCfg = Release|Any CPU
		{63B4C72C-57C3-462D-ACC4-5D3AA4A7E136}.Release|Any CPU.Build.0 = Release|Any CPU
		{B1EB8C20-8BA9-4909-AC68-F34235E1E765}.Debug|Any CPU.ActiveCfg = Debug|Any CPU
		{B1EB8C20-8BA9-4909-AC68-F34235E1E765}.Debug|Any CPU.Build.0 = Debug|Any CPU
		{B1EB8C20-8BA9-4909-AC68-F34235E1E765}.Release|Any CPU.ActiveCfg = Release|Any CPU
		{B1EB8C20-8BA9-4909-AC68-F34235E1E765}.Release|Any CPU.Build.0 = Release|Any CPU
		{09A83F55-68AA-407C-A15E-CC6E09162396}.Debug|Any CPU.ActiveCfg = Debug|Any CPU
		{09A83F55-68AA-407C-A15E-CC6E09162396}.Debug|Any CPU.Build.0 = Debug|Any CPU
		{09A83F55-68AA-407C-A15E-CC6E09162396}.Release|Any CPU.ActiveCfg = Release|Any CPU
		{09A83F55-68AA-407C-A15E-CC6E09162396}.Release|Any CPU.Build.0 = Release|Any CPU
		{B6AD1AEA-70D1-4CA7-AB89-6F2B4C6EB50B}.Debug|Any CPU.ActiveCfg = Debug|Any CPU
		{B6AD1AEA-70D1-4CA7-AB89-6F2B4C6EB50B}.Debug|Any CPU.Build.0 = Debug|Any CPU
		{B6AD1AEA-70D1-4CA7-AB89-6F2B4C6EB50B}.Release|Any CPU.ActiveCfg = Release|Any CPU
		{B6AD1AEA-70D1-4CA7-AB89-6F2B4C6EB50B}.Release|Any CPU.Build.0 = Release|Any CPU
		{85645E3D-6850-4082-A075-5E8A3B401187}.Debug|Any CPU.ActiveCfg = Debug|Any CPU
		{85645E3D-6850-4082-A075-5E8A3B401187}.Debug|Any CPU.Build.0 = Debug|Any CPU
		{85645E3D-6850-4082-A075-5E8A3B401187}.Release|Any CPU.ActiveCfg = Release|Any CPU
		{85645E3D-6850-4082-A075-5E8A3B401187}.Release|Any CPU.Build.0 = Release|Any CPU
	EndGlobalSection
	GlobalSection(SolutionProperties) = preSolution
		HideSolutionNode = FALSE
	EndGlobalSection
	GlobalSection(NestedProjects) = preSolution
		{71555634-8686-42A0-AFE9-C440BB6931C7} = {8E4370CB-B57A-49B2-8D0E-CF8B5CB00F30}
		{3DB089EB-3ABC-4DA8-BC14-AE68325541FA} = {71555634-8686-42A0-AFE9-C440BB6931C7}
		{66B60737-E21F-4EBF-9893-CFFE08852761} = {8E4370CB-B57A-49B2-8D0E-CF8B5CB00F30}
		{63AD72BF-0A91-4B58-BBA6-A980C38BD275} = {71555634-8686-42A0-AFE9-C440BB6931C7}
		{29B261A0-E64D-4BCF-A007-701023E60D53} = {66B60737-E21F-4EBF-9893-CFFE08852761}
		{4115B347-0C38-4451-8147-48695268E921} = {71555634-8686-42A0-AFE9-C440BB6931C7}
		{5FEFAB0F-85C1-40F5-999B-4DA1BD8013B6} = {F2828904-E10C-41FA-8023-60A308E98598}
		{8A302471-8AF1-4F7E-A414-3275F3B78608} = {F2828904-E10C-41FA-8023-60A308E98598}
		{5B69B747-E4A2-4A54-A20C-C980CA7D7B44} = {F2828904-E10C-41FA-8023-60A308E98598}
		{CF9D7F79-4918-4A18-9280-47799BD38D54} = {F2828904-E10C-41FA-8023-60A308E98598}
		{63B4C72C-57C3-462D-ACC4-5D3AA4A7E136} = {5B9009D5-7A8B-4EFC-942F-BC35F859C860}
		{B1EB8C20-8BA9-4909-AC68-F34235E1E765} = {8A302471-8AF1-4F7E-A414-3275F3B78608}
		{09A83F55-68AA-407C-A15E-CC6E09162396} = {5FEFAB0F-85C1-40F5-999B-4DA1BD8013B6}
		{B6AD1AEA-70D1-4CA7-AB89-6F2B4C6EB50B} = {5FEFAB0F-85C1-40F5-999B-4DA1BD8013B6}
		{85645E3D-6850-4082-A075-5E8A3B401187} = {5B69B747-E4A2-4A54-A20C-C980CA7D7B44}
	EndGlobalSection
	GlobalSection(ExtensibilityGlobals) = postSolution
		SolutionGuid = {1B8C5879-FBCA-44F0-88EB-9E3F9736618B}
	EndGlobalSection
EndGlobal
