
Microsoft Visual Studio Solution File, Format Version 12.00
# Visual Studio Version 16
VisualStudioVersion = 16.0.28407.52
MinimumVisualStudioVersion = 10.0.40219.1
Project("{2150E333-8FDC-42A3-9474-1A3956D46DE8}") = "Libraries", "Libraries", "{71555634-8686-42A0-AFE9-C440BB6931C7}"
EndProject
Project("{FAE04EC0-301F-11D3-BF4B-00C04F79EFBC}") = "HoursKeeperLibrary", "Libraries\HoursKeeperLibrary\HoursKeeperLibrary.csproj", "{3DB089EB-3ABC-4DA8-BC14-AE68325541FA}"
EndProject
Project("{2150E333-8FDC-42A3-9474-1A3956D46DE8}") = "Tests", "Tests", "{66B60737-E21F-4EBF-9893-CFFE08852761}"
EndProject
Project("{FAE04EC0-301F-11D3-BF4B-00C04F79EFBC}") = "HoursKeeperDatabase", "Libraries\HoursKeeperDatabase\HoursKeeperDatabase.csproj", "{85163203-9EB7-4AB0-8698-909DA7B7FB5C}"
EndProject
Project("{FAE04EC0-301F-11D3-BF4B-00C04F79EFBC}") = "HoursKeeperTests", "Tests\HoursKeeperTests\HoursKeeperTests.csproj", "{EC6ECE5D-DD4F-44BE-A6E7-BB4158A95581}"
EndProject
Project("{9A19103F-16F7-4668-BE54-9A1E7A4F7556}") = "HoursKeeper.Database", "Libraries\HoursKeeper.Database\HoursKeeper.Database.csproj", "{63AD72BF-0A91-4B58-BBA6-A980C38BD275}"
EndProject
Project("{FAE04EC0-301F-11D3-BF4B-00C04F79EFBC}") = "HoursKeeper.Tests", "Tests\HoursKeeper.Tests\HoursKeeper.Tests.csproj", "{29B261A0-E64D-4BCF-A007-701023E60D53}"
EndProject
Global
	GlobalSection(SolutionConfigurationPlatforms) = preSolution
		Debug|Any CPU = Debug|Any CPU
		Release|Any CPU = Release|Any CPU
	EndGlobalSection
	GlobalSection(ProjectConfigurationPlatforms) = postSolution
		{3DB089EB-3ABC-4DA8-BC14-AE68325541FA}.Debug|Any CPU.ActiveCfg = Debug|Any CPU
		{3DB089EB-3ABC-4DA8-BC14-AE68325541FA}.Debug|Any CPU.Build.0 = Debug|Any CPU
		{3DB089EB-3ABC-4DA8-BC14-AE68325541FA}.Release|Any CPU.ActiveCfg = Release|Any CPU
		{3DB089EB-3ABC-4DA8-BC14-AE68325541FA}.Release|Any CPU.Build.0 = Release|Any CPU
		{85163203-9EB7-4AB0-8698-909DA7B7FB5C}.Debug|Any CPU.ActiveCfg = Debug|Any CPU
		{85163203-9EB7-4AB0-8698-909DA7B7FB5C}.Debug|Any CPU.Build.0 = Debug|Any CPU
		{85163203-9EB7-4AB0-8698-909DA7B7FB5C}.Release|Any CPU.ActiveCfg = Release|Any CPU
		{85163203-9EB7-4AB0-8698-909DA7B7FB5C}.Release|Any CPU.Build.0 = Release|Any CPU
		{EC6ECE5D-DD4F-44BE-A6E7-BB4158A95581}.Debug|Any CPU.ActiveCfg = Debug|Any CPU
		{EC6ECE5D-DD4F-44BE-A6E7-BB4158A95581}.Debug|Any CPU.Build.0 = Debug|Any CPU
		{EC6ECE5D-DD4F-44BE-A6E7-BB4158A95581}.Release|Any CPU.ActiveCfg = Release|Any CPU
		{EC6ECE5D-DD4F-44BE-A6E7-BB4158A95581}.Release|Any CPU.Build.0 = Release|Any CPU
		{63AD72BF-0A91-4B58-BBA6-A980C38BD275}.Debug|Any CPU.ActiveCfg = Debug|Any CPU
		{63AD72BF-0A91-4B58-BBA6-A980C38BD275}.Debug|Any CPU.Build.0 = Debug|Any CPU
		{63AD72BF-0A91-4B58-BBA6-A980C38BD275}.Release|Any CPU.ActiveCfg = Release|Any CPU
		{63AD72BF-0A91-4B58-BBA6-A980C38BD275}.Release|Any CPU.Build.0 = Release|Any CPU
		{29B261A0-E64D-4BCF-A007-701023E60D53}.Debug|Any CPU.ActiveCfg = Debug|Any CPU
		{29B261A0-E64D-4BCF-A007-701023E60D53}.Debug|Any CPU.Build.0 = Debug|Any CPU
		{29B261A0-E64D-4BCF-A007-701023E60D53}.Release|Any CPU.ActiveCfg = Release|Any CPU
		{29B261A0-E64D-4BCF-A007-701023E60D53}.Release|Any CPU.Build.0 = Release|Any CPU
	EndGlobalSection
	GlobalSection(SolutionProperties) = preSolution
		HideSolutionNode = FALSE
	EndGlobalSection
	GlobalSection(NestedProjects) = preSolution
		{3DB089EB-3ABC-4DA8-BC14-AE68325541FA} = {71555634-8686-42A0-AFE9-C440BB6931C7}
		{85163203-9EB7-4AB0-8698-909DA7B7FB5C} = {71555634-8686-42A0-AFE9-C440BB6931C7}
		{EC6ECE5D-DD4F-44BE-A6E7-BB4158A95581} = {66B60737-E21F-4EBF-9893-CFFE08852761}
		{63AD72BF-0A91-4B58-BBA6-A980C38BD275} = {71555634-8686-42A0-AFE9-C440BB6931C7}
		{29B261A0-E64D-4BCF-A007-701023E60D53} = {66B60737-E21F-4EBF-9893-CFFE08852761}
	EndGlobalSection
	GlobalSection(ExtensibilityGlobals) = postSolution
		SolutionGuid = {1B8C5879-FBCA-44F0-88EB-9E3F9736618B}
	EndGlobalSection
EndGlobal
